
Microsoft Visual Studio Solution File, Format Version 12.00
# Visual Studio Version 16
VisualStudioVersion = 16.0.29318.209
MinimumVisualStudioVersion = 10.0.40219.1
Project("{FAE04EC0-301F-11D3-BF4B-00C04F79EFBC}") = "PrintTheMatrix", "PrintTheMatrix\PrintTheMatrix.csproj", "{0885D3C3-2653-4573-BD92-E9A33BE3309D}"
EndProject
Global
	GlobalSection(SolutionConfigurationPlatforms) = preSolution
		Debug|Any CPU = Debug|Any CPU
		Release|Any CPU = Release|Any CPU
	EndGlobalSection
	GlobalSection(ProjectConfigurationPlatforms) = postSolution
		{0885D3C3-2653-4573-BD92-E9A33BE3309D}.Debug|Any CPU.ActiveCfg = Debug|Any CPU
		{0885D3C3-2653-4573-BD92-E9A33BE3309D}.Debug|Any CPU.Build.0 = Debug|Any CPU
		{0885D3C3-2653-4573-BD92-E9A33BE3309D}.Release|Any CPU.ActiveCfg = Release|Any CPU
		{0885D3C3-2653-4573-BD92-E9A33BE3309D}.Release|Any CPU.Build.0 = Release|Any CPU
	EndGlobalSection
	GlobalSection(SolutionProperties) = preSolution
		HideSolutionNode = FALSE
	EndGlobalSection
	GlobalSection(ExtensibilityGlobals) = postSolution
		SolutionGuid = {44B49A8E-3AAE-46EC-98C0-126717FC78E4}
	EndGlobalSection
EndGlobal
